<?xml version="1.0" encoding="utf-8"?>
<Project ToolsVersion="4.0" xmlns="http://schemas.microsoft.com/developer/msbuild/2003">
  <ItemGroup>
    <Filter Include="源文件">
      <UniqueIdentifier>{4FC737F1-C7A5-4376-A066-2A32D752A2FF}</UniqueIdentifier>
      <Extensions>cpp;c;cc;cxx;c++;cppm;ixx;def;odl;idl;hpj;bat;asm;asmx</Extensions>
    </Filter>
    <Filter Include="头文件">
      <UniqueIdentifier>{93995380-89BD-4b04-88EB-625FBE52EBFB}</UniqueIdentifier>
      <Extensions>h;hh;hpp;hxx;h++;hm;inl;inc;ipp;xsd</Extensions>
    </Filter>
    <Filter Include="资源文件">
      <UniqueIdentifier>{67DA6AB6-F800-4c08-8B7A-83BB121AAD01}</UniqueIdentifier>
      <Extensions>rc;ico;cur;bmp;dlg;rc2;rct;bin;rgs;gif;jpg;jpeg;jpe;resx;tiff;tif;png;wav;mfcribbon-ms</Extensions>
    </Filter>
  </ItemGroup>
  <ItemGroup>
    <ClCompile Include="src\ApiAio.cpp">
      <Filter>源文件</Filter>
    </ClCompile>
    <ClCompile Include="src\ApiAppCfg.cpp">
      <Filter>源文件</Filter>
    </ClCompile>
    <ClCompile Include="src\ApiAppTask.cpp">
      <Filter>源文件</Filter>
    </ClCompile>
    <ClCompile Include="src\ApiBoard.cpp">
      <Filter>源文件</Filter>
    </ClCompile>
    <ClCompile Include="src\ApiCmm.cpp">
      <Filter>源文件</Filter>
    </ClCompile>
    <ClCompile Include="src\ApiDio.cpp">
      <Filter>源文件</Filter>
    </ClCompile>
    <ClCompile Include="src\ApiEvent.cpp">
      <Filter>源文件</Filter>
    </ClCompile>
    <ClCompile Include="src\ApiHmiDialog.cpp">
      <Filter>源文件</Filter>
    </ClCompile>
    <ClCompile Include="src\ApiHmiGridWnd.cpp">
      <Filter>源文件</Filter>
    </ClCompile>
    <ClCompile Include="src\ApiHmiLed.cpp">
      <Filter>源文件</Filter>
    </ClCompile>
    <ClCompile Include="src\ApiHmiSptInfo.cpp">
      <Filter>源文件</Filter>
    </ClCompile>
    <ClCompile Include="src\ApiHmiTextWnd.cpp">
      <Filter>源文件</Filter>
    </ClCompile>
    <ClCompile Include="src\ApiMenu.cpp">
      <Filter>源文件</Filter>
    </ClCompile>
    <ClCompile Include="src\ApiPara.cpp">
      <Filter>源文件</Filter>
    </ClCompile>
    <ClCompile Include="src\ApiResource.cpp">
      <Filter>源文件</Filter>
    </ClCompile>
    <ClCompile Include="src\ApiSjRecord.cpp">
      <Filter>源文件</Filter>
    </ClCompile>
    <ClCompile Include="src\ApiSysCfg.cpp">
      <Filter>源文件</Filter>
    </ClCompile>
    <ClCompile Include="src\ApiVersion.cpp">
      <Filter>源文件</Filter>
    </ClCompile>
    <ClCompile Include="src\DbgCmm.cpp">
      <Filter>源文件</Filter>
    </ClCompile>
    <ClCompile Include="src\DbgServer.cpp">
      <Filter>源文件</Filter>
    </ClCompile>
    <ClCompile Include="src\DbgTools.cpp">
      <Filter>源文件</Filter>
    </ClCompile>
    <ClCompile Include="src\HalBoardIo.cpp">
      <Filter>源文件</Filter>
    </ClCompile>
    <ClCompile Include="src\HalFactoryTools.cpp">
      <Filter>源文件</Filter>
    </ClCompile>
    <ClCompile Include="src\HmiCmm.cpp">
      <Filter>源文件</Filter>
    </ClCompile>
    <ClCompile Include="src\HmiDialog.cpp">
      <Filter>源文件</Filter>
    </ClCompile>
    <ClCompile Include="src\HmiGridWnd.cpp">
      <Filter>源文件</Filter>
    </ClCompile>
    <ClCompile Include="src\HmiKey.cpp">
      <Filter>源文件</Filter>
    </ClCompile>
    <ClCompile Include="src\HmiLedStatus.cpp">
      <Filter>源文件</Filter>
    </ClCompile>
    <ClCompile Include="src\HmiMenu.cpp">
      <Filter>源文件</Filter>
    </ClCompile>
    <ClCompile Include="src\HmiProject.cpp">
      <Filter>源文件</Filter>
    </ClCompile>
    <ClCompile Include="src\HmiStatusBar.cpp">
      <Filter>源文件</Filter>
    </ClCompile>
    <ClCompile Include="src\HmiTextWnd.cpp">
      <Filter>源文件</Filter>
    </ClCompile>
    <ClCompile Include="src\HmiVirLcdLayer.cpp">
      <Filter>源文件</Filter>
    </ClCompile>
    <ClCompile Include="src\HmiWidgets.cpp">
      <Filter>源文件</Filter>
    </ClCompile>
    <ClCompile Include="src\SalAccount.cpp">
      <Filter>源文件</Filter>
    </ClCompile>
    <ClCompile Include="src\SalAdt.cpp">
      <Filter>源文件</Filter>
    </ClCompile>
    <ClCompile Include="src\SalAnglogRms.cpp">
      <Filter>源文件</Filter>
    </ClCompile>
    <ClCompile Include="src\SalCfgData.cpp">
      <Filter>源文件</Filter>
    </ClCompile>
    <ClCompile Include="src\SalCfgFile.cpp">
      <Filter>源文件</Filter>
    </ClCompile>
    <ClCompile Include="src\SalClassicFunc.cpp">
      <Filter>源文件</Filter>
    </ClCompile>
    <ClCompile Include="src\SalCmm.cpp">
      <Filter>源文件</Filter>
    </ClCompile>
    <ClCompile Include="src\SalDateTime.cpp">
      <Filter>源文件</Filter>
    </ClCompile>
    <ClCompile Include="src\SalEvent.cpp">
      <Filter>源文件</Filter>
    </ClCompile>
    <ClCompile Include="src\SalFile.cpp">
      <Filter>源文件</Filter>
    </ClCompile>
    <ClCompile Include="src\SalFpgaMsgProc.cpp">
      <Filter>源文件</Filter>
    </ClCompile>
    <ClCompile Include="src\SalGmSsl.cpp">
      <Filter>源文件</Filter>
    </ClCompile>
    <ClCompile Include="src\SalInstObject.cpp">
      <Filter>源文件</Filter>
    </ClCompile>
    <ClCompile Include="src\SalLib.cpp">
      <Filter>源文件</Filter>
    </ClCompile>
    <ClCompile Include="src\SalMath.cpp">
      <Filter>源文件</Filter>
    </ClCompile>
    <ClCompile Include="src\SalPara.cpp">
      <Filter>源文件</Filter>
    </ClCompile>
    <ClCompile Include="src\SalSampIntCmm.cpp">
      <Filter>源文件</Filter>
    </ClCompile>
    <ClCompile Include="src\SalSjRecord.cpp">
      <Filter>源文件</Filter>
    </ClCompile>
    <ClCompile Include="src\SalSocket.cpp">
      <Filter>源文件</Filter>
    </ClCompile>
    <ClCompile Include="src\SalString.cpp">
      <Filter>源文件</Filter>
    </ClCompile>
    <ClCompile Include="src\SalTask.cpp">
      <Filter>源文件</Filter>
    </ClCompile>
    <ClCompile Include="src\SalTimer.cpp">
      <Filter>源文件</Filter>
    </ClCompile>
    <ClCompile Include="src\SalTypes.cpp">
      <Filter>源文件</Filter>
    </ClCompile>
    <ClCompile Include="src\SalUnits.cpp">
      <Filter>源文件</Filter>
    </ClCompile>
    <ClCompile Include="src\SalVersion.cpp">
      <Filter>源文件</Filter>
    </ClCompile>
    <ClCompile Include="src\SptAio.cpp">
      <Filter>源文件</Filter>
    </ClCompile>
    <ClCompile Include="src\SptAppIo.cpp">
      <Filter>源文件</Filter>
    </ClCompile>
    <ClCompile Include="src\SptAppTask.cpp">
      <Filter>源文件</Filter>
    </ClCompile>
    <ClCompile Include="src\SptCheckTask.cpp">
      <Filter>源文件</Filter>
    </ClCompile>
    <ClCompile Include="src\SptCmmTask.cpp">
      <Filter>源文件</Filter>
    </ClCompile>
    <ClCompile Include="src\SptDio.cpp">
      <Filter>源文件</Filter>
    </ClCompile>
    <ClCompile Include="src\SptLog.cpp">
      <Filter>源文件</Filter>
    </ClCompile>
    <ClCompile Include="src\SptMain.cpp">
      <Filter>源文件</Filter>
    </ClCompile>
    <ClCompile Include="src\SptMsInt.cpp">
      <Filter>源文件</Filter>
    </ClCompile>
    <ClCompile Include="src\SptSampInt.cpp">
      <Filter>源文件</Filter>
    </ClCompile>
    <ClCompile Include="src\SptT860Interface.cpp">
      <Filter>源文件</Filter>
    </ClCompile>
    <ClCompile Include="src\SptTaskMonitor.cpp">
      <Filter>源文件</Filter>
    </ClCompile>
    <ClCompile Include="src\SylixOsFlash.cpp">
      <Filter>源文件</Filter>
    </ClCompile>
    <ClCompile Include="src\tinyxml2\tinyxml2.cpp">
      <Filter>源文件</Filter>
    </ClCompile>
    <ClCompile Include="src\SptAppFlags.cpp">
      <Filter>源文件</Filter>
    </ClCompile>
    <ClCompile Include="src\SalFaultRecord.cpp">
      <Filter>源文件</Filter>
    </ClCompile>
    <ClCompile Include="src\ApiFaultRecord.cpp">
      <Filter>源文件</Filter>
    </ClCompile>
    <ClCompile Include="src\SalPrinter.cpp">
      <Filter>源文件</Filter>
    </ClCompile>
  </ItemGroup>
  <ItemGroup>
    <ClInclude Include="src\ApiAio.h">
      <Filter>头文件</Filter>
    </ClInclude>
    <ClInclude Include="src\ApiAppCfg.h">
      <Filter>头文件</Filter>
    </ClInclude>
    <ClInclude Include="src\ApiAppFlags.h">
      <Filter>头文件</Filter>
    </ClInclude>
    <ClInclude Include="src\ApiAppTask.h">
      <Filter>头文件</Filter>
    </ClInclude>
    <ClInclude Include="src\ApiBoard.h">
      <Filter>头文件</Filter>
    </ClInclude>
    <ClInclude Include="src\ApiCfgPara.h">
      <Filter>头文件</Filter>
    </ClInclude>
    <ClInclude Include="src\ApiCmm.h">
      <Filter>头文件</Filter>
    </ClInclude>
    <ClInclude Include="src\ApiDio.h">
      <Filter>头文件</Filter>
    </ClInclude>
    <ClInclude Include="src\ApiEvent.h">
      <Filter>头文件</Filter>
    </ClInclude>
    <ClInclude Include="src\ApiHmiDialog.h">
      <Filter>头文件</Filter>
    </ClInclude>
    <ClInclude Include="src\ApiHmiGridWnd.h">
      <Filter>头文件</Filter>
    </ClInclude>
    <ClInclude Include="src\ApiHmiLed.h">
      <Filter>头文件</Filter>
    </ClInclude>
    <ClInclude Include="src\ApiHmiSptInfo.h">
      <Filter>头文件</Filter>
    </ClInclude>
    <ClInclude Include="src\ApiHmiTextWnd.h">
      <Filter>头文件</Filter>
    </ClInclude>
    <ClInclude Include="src\ApiMenu.h">
      <Filter>头文件</Filter>
    </ClInclude>
    <ClInclude Include="src\ApiPara.h">
      <Filter>头文件</Filter>
    </ClInclude>
    <ClInclude Include="src\ApiProject.h">
      <Filter>头文件</Filter>
    </ClInclude>
    <ClInclude Include="src\ApiResource.h">
      <Filter>头文件</Filter>
    </ClInclude>
    <ClInclude Include="src\ApiSjRecord.h">
      <Filter>头文件</Filter>
    </ClInclude>
    <ClInclude Include="src\ApiSysCfg.h">
      <Filter>头文件</Filter>
    </ClInclude>
    <ClInclude Include="src\ApiVersion.h">
      <Filter>头文件</Filter>
    </ClInclude>
    <ClInclude Include="src\DbgCmm.h">
      <Filter>头文件</Filter>
    </ClInclude>
    <ClInclude Include="src\DbgServer.h">
      <Filter>头文件</Filter>
    </ClInclude>
    <ClInclude Include="src\DbgTools.h">
      <Filter>头文件</Filter>
    </ClInclude>
    <ClInclude Include="src\HalBoardIo.h">
      <Filter>头文件</Filter>
    </ClInclude>
    <ClInclude Include="src\HalFactoryTools.h">
      <Filter>头文件</Filter>
    </ClInclude>
    <ClInclude Include="src\HalProject.h">
      <Filter>头文件</Filter>
    </ClInclude>
    <ClInclude Include="src\HmiCmm.h">
      <Filter>头文件</Filter>
    </ClInclude>
    <ClInclude Include="src\HmiDialog.h">
      <Filter>头文件</Filter>
    </ClInclude>
    <ClInclude Include="src\HmiGridWnd.h">
      <Filter>头文件</Filter>
    </ClInclude>
    <ClInclude Include="src\HmiKey.h">
      <Filter>头文件</Filter>
    </ClInclude>
    <ClInclude Include="src\HmiLedStatus.h">
      <Filter>头文件</Filter>
    </ClInclude>
    <ClInclude Include="src\HmiMenu.h">
      <Filter>头文件</Filter>
    </ClInclude>
    <ClInclude Include="src\HmiProject.h">
      <Filter>头文件</Filter>
    </ClInclude>
    <ClInclude Include="src\HmiStatusBar.h">
      <Filter>头文件</Filter>
    </ClInclude>
    <ClInclude Include="src\HmiTextWnd.h">
      <Filter>头文件</Filter>
    </ClInclude>
    <ClInclude Include="src\HmiVirLcdLayer.h">
      <Filter>头文件</Filter>
    </ClInclude>
    <ClInclude Include="src\HmiWidgets.h">
      <Filter>头文件</Filter>
    </ClInclude>
    <ClInclude Include="src\LcdFontPixel.h">
      <Filter>头文件</Filter>
    </ClInclude>
    <ClInclude Include="src\SalAccount.h">
      <Filter>头文件</Filter>
    </ClInclude>
    <ClInclude Include="src\SalAdt.h">
      <Filter>头文件</Filter>
    </ClInclude>
    <ClInclude Include="src\SalAnglogRms.h">
      <Filter>头文件</Filter>
    </ClInclude>
    <ClInclude Include="src\SalAppCmm.h">
      <Filter>头文件</Filter>
    </ClInclude>
    <ClInclude Include="src\SalCfgData.h">
      <Filter>头文件</Filter>
    </ClInclude>
    <ClInclude Include="src\SalCfgFile.h">
      <Filter>头文件</Filter>
    </ClInclude>
    <ClInclude Include="src\SalClassicFunc.h">
      <Filter>头文件</Filter>
    </ClInclude>
    <ClInclude Include="src\SalCmm.h">
      <Filter>头文件</Filter>
    </ClInclude>
    <ClInclude Include="src\SalDateTime.h">
      <Filter>头文件</Filter>
    </ClInclude>
    <ClInclude Include="src\SalEvent.h">
      <Filter>头文件</Filter>
    </ClInclude>
    <ClInclude Include="src\SalFile.h">
      <Filter>头文件</Filter>
    </ClInclude>
    <ClInclude Include="src\SalFpgaMsgProc.h">
      <Filter>头文件</Filter>
    </ClInclude>
    <ClInclude Include="src\SalGmSsl.h">
      <Filter>头文件</Filter>
    </ClInclude>
    <ClInclude Include="src\SalInstObject.h">
      <Filter>头文件</Filter>
    </ClInclude>
    <ClInclude Include="src\SalLib.h">
      <Filter>头文件</Filter>
    </ClInclude>
    <ClInclude Include="src\SalMacro.h">
      <Filter>头文件</Filter>
    </ClInclude>
    <ClInclude Include="src\SalMath.h">
      <Filter>头文件</Filter>
    </ClInclude>
    <ClInclude Include="src\SalPara.h">
      <Filter>头文件</Filter>
    </ClInclude>
    <ClInclude Include="src\SalProject.h">
      <Filter>头文件</Filter>
    </ClInclude>
    <ClInclude Include="src\SalSampIntCmm.h">
      <Filter>头文件</Filter>
    </ClInclude>
    <ClInclude Include="src\SalSjRecord.h">
      <Filter>头文件</Filter>
    </ClInclude>
    <ClInclude Include="src\SalSocket.h">
      <Filter>头文件</Filter>
    </ClInclude>
    <ClInclude Include="src\SalString.h">
      <Filter>头文件</Filter>
    </ClInclude>
    <ClInclude Include="src\SalTask.h">
      <Filter>头文件</Filter>
    </ClInclude>
    <ClInclude Include="src\SalTimer.h">
      <Filter>头文件</Filter>
    </ClInclude>
    <ClInclude Include="src\SalTypes.h">
      <Filter>头文件</Filter>
    </ClInclude>
    <ClInclude Include="src\SalUnits.h">
      <Filter>头文件</Filter>
    </ClInclude>
    <ClInclude Include="src\SalVersion.h">
      <Filter>头文件</Filter>
    </ClInclude>
    <ClInclude Include="src\SptAio.h">
      <Filter>头文件</Filter>
    </ClInclude>
    <ClInclude Include="src\SptAppFlags.h">
      <Filter>头文件</Filter>
    </ClInclude>
    <ClInclude Include="src\SptAppIo.h">
      <Filter>头文件</Filter>
    </ClInclude>
    <ClInclude Include="src\SptAppTask.h">
      <Filter>头文件</Filter>
    </ClInclude>
    <ClInclude Include="src\SptCheckTask.h">
      <Filter>头文件</Filter>
    </ClInclude>
    <ClInclude Include="src\SptCmmTask.h">
      <Filter>头文件</Filter>
    </ClInclude>
    <ClInclude Include="src\SptDio.h">
      <Filter>头文件</Filter>
    </ClInclude>
    <ClInclude Include="src\SptLog.h">
      <Filter>头文件</Filter>
    </ClInclude>
    <ClInclude Include="src\SptMain.h">
      <Filter>头文件</Filter>
    </ClInclude>
    <ClInclude Include="src\SptMsInt.h">
      <Filter>头文件</Filter>
    </ClInclude>
    <ClInclude Include="src\SptPlatform.h">
      <Filter>头文件</Filter>
    </ClInclude>
    <ClInclude Include="src\SptProject.h">
      <Filter>头文件</Filter>
    </ClInclude>
    <ClInclude Include="src\SptSampInt.h">
      <Filter>头文件</Filter>
    </ClInclude>
    <ClInclude Include="src\SptT860InterFace.h">
      <Filter>头文件</Filter>
    </ClInclude>
    <ClInclude Include="src\SptTaskMonitor.h">
      <Filter>头文件</Filter>
    </ClInclude>
    <ClInclude Include="src\tinyxml2\tinyxml2.h">
      <Filter>头文件</Filter>
    </ClInclude>
    <ClInclude Include="src\SalFaultRecord.h">
      <Filter>头文件</Filter>
    </ClInclude>
    <ClInclude Include="src\ApiFaultRecord.h">
      <Filter>头文件</Filter>
    </ClInclude>
    <ClInclude Include="src\SalPrinter.h">
      <Filter>头文件</Filter>
    </ClInclude>
  </ItemGroup>
</Project>